
Microsoft Visual Studio Solution File, Format Version 12.00
# Visual Studio 14
VisualStudioVersion = 14.0.23107.0
MinimumVisualStudioVersion = 10.0.40219.1
Project("{FAE04EC0-301F-11D3-BF4B-00C04F79EFBC}") = "DatabaseScriptExecutor", "DatabaseScriptExecutor\DatabaseScriptExecutor.csproj", "{804E9A52-20A4-4BBE-B7C7-47FD7127C5C6}"
EndProject
Project("{FAE04EC0-301F-11D3-BF4B-00C04F79EFBC}") = "DatabaseScriptExecutorTests", "DatabaseScriptExecutorTests\DatabaseScriptExecutorTests.csproj", "{28EECA1D-CBAE-4944-A14C-EA1236B1F771}"
EndProject
Global
	GlobalSection(SolutionConfigurationPlatforms) = preSolution
		App Azure Global Prod|Any CPU = App Azure Global Prod|Any CPU
		App Azure Global|Any CPU = App Azure Global|Any CPU
		Azure Dev|Any CPU = Azure Dev|Any CPU
		Debug|Any CPU = Debug|Any CPU
		Release|Any CPU = Release|Any CPU
		UK Prod|Any CPU = UK Prod|Any CPU
		US Prod|Any CPU = US Prod|Any CPU
		Us Uat|Any CPU = Us Uat|Any CPU
	EndGlobalSection
	GlobalSection(ProjectConfigurationPlatforms) = postSolution
		{804E9A52-20A4-4BBE-B7C7-47FD7127C5C6}.App Azure Global Prod|Any CPU.ActiveCfg = Release|Any CPU
		{804E9A52-20A4-4BBE-B7C7-47FD7127C5C6}.App Azure Global Prod|Any CPU.Build.0 = Release|Any CPU
		{804E9A52-20A4-4BBE-B7C7-47FD7127C5C6}.App Azure Global|Any CPU.ActiveCfg = Release|Any CPU
		{804E9A52-20A4-4BBE-B7C7-47FD7127C5C6}.App Azure Global|Any CPU.Build.0 = Release|Any CPU
		{804E9A52-20A4-4BBE-B7C7-47FD7127C5C6}.Azure Dev|Any CPU.ActiveCfg = Release|Any CPU
		{804E9A52-20A4-4BBE-B7C7-47FD7127C5C6}.Azure Dev|Any CPU.Build.0 = Release|Any CPU
		{804E9A52-20A4-4BBE-B7C7-47FD7127C5C6}.Debug|Any CPU.ActiveCfg = Debug|Any CPU
		{804E9A52-20A4-4BBE-B7C7-47FD7127C5C6}.Debug|Any CPU.Build.0 = Debug|Any CPU
		{804E9A52-20A4-4BBE-B7C7-47FD7127C5C6}.Release|Any CPU.ActiveCfg = Release|Any CPU
		{804E9A52-20A4-4BBE-B7C7-47FD7127C5C6}.Release|Any CPU.Build.0 = Release|Any CPU
		{804E9A52-20A4-4BBE-B7C7-47FD7127C5C6}.UK Prod|Any CPU.ActiveCfg = Release|Any CPU
		{804E9A52-20A4-4BBE-B7C7-47FD7127C5C6}.UK Prod|Any CPU.Build.0 = Release|Any CPU
		{804E9A52-20A4-4BBE-B7C7-47FD7127C5C6}.US Prod|Any CPU.ActiveCfg = Release|Any CPU
		{804E9A52-20A4-4BBE-B7C7-47FD7127C5C6}.US Prod|Any CPU.Build.0 = Release|Any CPU
		{804E9A52-20A4-4BBE-B7C7-47FD7127C5C6}.Us Uat|Any CPU.ActiveCfg = Release|Any CPU
		{804E9A52-20A4-4BBE-B7C7-47FD7127C5C6}.Us Uat|Any CPU.Build.0 = Release|Any CPU
		{28EECA1D-CBAE-4944-A14C-EA1236B1F771}.App Azure Global Prod|Any CPU.ActiveCfg = Release|Any CPU
		{28EECA1D-CBAE-4944-A14C-EA1236B1F771}.App Azure Global Prod|Any CPU.Build.0 = Release|Any CPU
		{28EECA1D-CBAE-4944-A14C-EA1236B1F771}.App Azure Global|Any CPU.ActiveCfg = Release|Any CPU
		{28EECA1D-CBAE-4944-A14C-EA1236B1F771}.App Azure Global|Any CPU.Build.0 = Release|Any CPU
		{28EECA1D-CBAE-4944-A14C-EA1236B1F771}.Azure Dev|Any CPU.ActiveCfg = Release|Any CPU
		{28EECA1D-CBAE-4944-A14C-EA1236B1F771}.Azure Dev|Any CPU.Build.0 = Release|Any CPU
		{28EECA1D-CBAE-4944-A14C-EA1236B1F771}.Debug|Any CPU.ActiveCfg = Debug|Any CPU
		{28EECA1D-CBAE-4944-A14C-EA1236B1F771}.Debug|Any CPU.Build.0 = Debug|Any CPU
		{28EECA1D-CBAE-4944-A14C-EA1236B1F771}.Release|Any CPU.ActiveCfg = Release|Any CPU
		{28EECA1D-CBAE-4944-A14C-EA1236B1F771}.Release|Any CPU.Build.0 = Release|Any CPU
		{28EECA1D-CBAE-4944-A14C-EA1236B1F771}.UK Prod|Any CPU.ActiveCfg = Release|Any CPU
		{28EECA1D-CBAE-4944-A14C-EA1236B1F771}.UK Prod|Any CPU.Build.0 = Release|Any CPU
		{28EECA1D-CBAE-4944-A14C-EA1236B1F771}.US Prod|Any CPU.ActiveCfg = Release|Any CPU
		{28EECA1D-CBAE-4944-A14C-EA1236B1F771}.US Prod|Any CPU.Build.0 = Release|Any CPU
		{28EECA1D-CBAE-4944-A14C-EA1236B1F771}.Us Uat|Any CPU.ActiveCfg = Release|Any CPU
		{28EECA1D-CBAE-4944-A14C-EA1236B1F771}.Us Uat|Any CPU.Build.0 = Release|Any CPU
	EndGlobalSection
	GlobalSection(SolutionProperties) = preSolution
		HideSolutionNode = FALSE
	EndGlobalSection
EndGlobal
